
Microsoft Visual Studio Solution File, Format Version 12.00
# Visual Studio Version 16
VisualStudioVersion = 16.0.30204.135
MinimumVisualStudioVersion = 10.0.40219.1
Project("{FAE04EC0-301F-11D3-BF4B-00C04F79EFBC}") = "MVCApplication", "MVCApplication.csproj", "{2E43C298-01F1-481B-8E18-573A7599089B}"
EndProject
Global
	GlobalSection(SolutionConfigurationPlatforms) = preSolution
		Debug|Any CPU = Debug|Any CPU
		Release|Any CPU = Release|Any CPU
	EndGlobalSection
	GlobalSection(ProjectConfigurationPlatforms) = postSolution
		{2E43C298-01F1-481B-8E18-573A7599089B}.Debug|Any CPU.ActiveCfg = Debug|Any CPU
		{2E43C298-01F1-481B-8E18-573A7599089B}.Debug|Any CPU.Build.0 = Debug|Any CPU
		{2E43C298-01F1-481B-8E18-573A7599089B}.Release|Any CPU.ActiveCfg = Release|Any CPU
		{2E43C298-01F1-481B-8E18-573A7599089B}.Release|Any CPU.Build.0 = Release|Any CPU
	EndGlobalSection
	GlobalSection(SolutionProperties) = preSolution
		HideSolutionNode = FALSE
	EndGlobalSection
	GlobalSection(ExtensibilityGlobals) = postSolution
		SolutionGuid = {BE347A65-0A74-4F98-8466-420A465A5B3A}
	EndGlobalSection
EndGlobal
